github.com/Compogo/compogo v0.0.16 h1:bWPMkYMKr5E94N4poHh3DX8EnmmoprL/h0amQCk0wrQ=
github.com/Compogo/compogo v0.0.16/go.mod h1:LbPhr7u4g11Lv8c9tifDnD7aJf3nNRhdsz1LlMdMGcY=
github.com/Compogo/compogo v0.0.17 h1:aoeWoVJOIQb5wRwAgd34VI4+stPAZIh6KqVr6siFUBQ=
github.com/Compogo/compogo v0.0.17/go.mod h1:LbPhr7u4g11Lv8c9tifDnD7aJf3nNRhdsz1LlMdMGcY=
github.com/Compogo/compogo v0.0.23 h1:PZ6SuUeEF+H6nRau45IlK4bsVWBW55xo/x8T7zP6rK4=
github.com/Compogo/compogo v0.0.23/go.mod h1:XHLqDJCqPizXlvJnuoCBGheKyfuD5zJFbFGG16sxGyU=
github.com/Compogo/compogo v0.0.33 h1:1PQVrobHEj6lFJyfGswBU97mwo/10YLTflu/txKnj1s=
github.com/Compogo/compogo v0.0.33/go.mod h1:Nwz8DqfcABMaEcJ5Ns2xEC7lFt22KRd+jLfl9Gek9d4=
github.com/Compogo/runner v0.0.2 h1:cArEd4miCCQCnN9LoQYfXOPOravljDFUjp3PMxf9LF4=
github.com/Compogo/runner v0.0.2/go.mod h1:4Hpaif6yFwJqQ9+XU3+QkxbXOY2qk3VM61vAxZgASbc=
github.com/Compogo/runner v0.0.3 h1:sxIfEPvNHdJW+73wRVJ9cFBv8U8f/nWBD7mfjqqI2w0=
github.com/Compogo/runner v0.0.3/go.mod h1:4Hpaif6yFwJqQ9+XU3+QkxbXOY2qk3VM61vAxZgASbc=
github.com/Compogo/runner v0.0.5 h1:Q9a1VfkJ0ElINoEYuhVNmj9KCQMBzEs/7DzIsDaoTJQ=
github.com/Compogo/runner v0.0.5/go.mod h1:4Hpaif6yFwJqQ9+XU3+QkxbXOY2qk3VM61vAxZgASbc=
github.com/Compogo/runner v0.0.6 h1:joUtUvLOLrnx/CJPSDafGtbaID3ddXcczyPPgaAczpQ=
github.com/Compogo/runner v0.0.6/go.mod h1:Ur8D/Xs35jwXaHpw69wvLVO844NDfttRLMey6wC9k9o=
github.com/Compogo/runner v0.0.7 h1:Dp1sK+gTXKOpqqGW7q6uHbgzSwu8gNCe/eSUoW70cd4=
github.com/Compogo/runner v0.0.7/go.mod h1:JKAFniw+Dss8SVsBocVH3ZPdj0dOJPEn8Zjcx8WqIAI=
github.com/Compogo/runner v0.0.10/go.mod h1:cKVK649t7SN8Q5jJdOEveWGu9c6kJFiClMxlj4L03PM=
github.com/Compogo/runner v0.0.11 h1:DIzekCAg+nUFU9Xfs9M2sF3MCkQ/tWqSGPaBowVTewQ=
github.com/Compogo/runner v0.0.11/go.mod h1:fV61ZBLwEc0dfbU9dBp5bE0hbd0P69uqu9SHrN0QsjI=
github.com/Compogo/runner v0.0.12 h1:ntkZ339eP8PsBRgXiBSfIgUPZlSjMu640r5lDxIpmGQ=
github.com/Compogo/runner v0.0.12/go.mod h1:fV61ZBLwEc0dfbU9dBp5bE0hbd0P69uqu9SHrN0QsjI=
github.com/Compogo/runner v0.0.13 h1:4jCPjKq1aRjbK+26z/ID6z2v/e5zutH9s4sBNTDA4iY=
github.com/Compogo/runner v0.0.13/go.mod h1:fV61ZBLwEc0dfbU9dBp5bE0hbd0P69uqu9SHrN0QsjI=
github.com/Compogo/runner v0.0.14 h1:t0hVSLpiOVWaV/l96pMBZCaHSYsydrSaifHkTqzJu9g=
github.com/Compogo/runner v0.0.14/go.mod h1:fV61ZBLwEc0dfbU9dBp5bE0hbd0P69uqu9SHrN0QsjI=
github.com/Compogo/tools v0.0.1 h1:oEsD838gwG4xAbKkWerRViLp4Gi+fqT07MJRucDL3vY=
github.com/Compogo/tools v0.0.1/go.mod h1:WMC6OW6nB8hsEMMa/1BR0/CWcDVAfg8Bj2+K08Ufcy4=
github.com/Compogo/types v0.0.2 h1:bzYcqmhPGAj52O5OuQOXAaJX1VHoSUy1Jhi13iZ639E=
github.com/Compogo/types v0.0.2/go.mod h1:2wj58tE4RGlT4JsrN9s+M/kdJ4guUOma+jCXNB3WsB4=
github.com/Compogo/types v0.0.15 h1:qWOnDEyM6uJMFIA9pPYtxteCA8WmpUIGjcsbJaTu4l8=
github.com/Compogo/types v0.0.15/go.mod h1:2wj58tE4RGlT4JsrN9s+M/kdJ4guUOma+jCXNB3WsB4=
github.com/spf13/cast v1.10.0 h1:h2x0u2shc1QuLHfxi+cTJvs30+ZAHOGRic8uyGTDWxY=
github.com/spf13/cast v1.10.0/go.mod h1:jNfB8QC9IA6ZuY2ZjDp0KtFO2LZZlg4S/7bzP6qqeHo=
